// !$*UTF8*$!
{
	archiveVersion = 1;
	classes = {
	};
	objectVersion = 56;
	objects = {

/* Begin PBXBuildFile section */
		5E3820592B41BCA200014CCD /* com.sachin.Scriptex.helper in CopyFiles */ = {isa = PBXBuildFile; fileRef = 5EC2F1932B3CAFA8001AFEFA /* com.sachin.Scriptex.helper */; };
		5E38205D2B41E74F00014CCD /* OSStatus+Extensions.swift in Sources */ = {isa = PBXBuildFile; fileRef = 5EB5EEAA2B40896200989C51 /* OSStatus+Extensions.swift */; };
		5E835CD92B3B580C004BDB5D /* ScriptexApp.swift in Sources */ = {isa = PBXBuildFile; fileRef = 5E835CD82B3B580C004BDB5D /* ScriptexApp.swift */; };
		5E835CDB2B3B580C004BDB5D /* ContentView.swift in Sources */ = {isa = PBXBuildFile; fileRef = 5E835CDA2B3B580C004BDB5D /* ContentView.swift */; };
		5E835CDD2B3B580C004BDB5D /* Assets.xcassets in Resources */ = {isa = PBXBuildFile; fileRef = 5E835CDC2B3B580C004BDB5D /* Assets.xcassets */; };
		5E835CE02B3B580C004BDB5D /* Preview Assets.xcassets in Resources */ = {isa = PBXBuildFile; fileRef = 5E835CDF2B3B580C004BDB5D /* Preview Assets.xcassets */; };
		5E835CE82B3B58E9004BDB5D /* ExecutionService.swift in Sources */ = {isa = PBXBuildFile; fileRef = 5E835CE72B3B58E9004BDB5D /* ExecutionService.swift */; };
		5E835CEA2B3B5902004BDB5D /* ScriptexError.swift in Sources */ = {isa = PBXBuildFile; fileRef = 5E835CE92B3B5902004BDB5D /* ScriptexError.swift */; };
		5EB5EEA92B40894B00989C51 /* ConnectionIdentityService.swift in Sources */ = {isa = PBXBuildFile; fileRef = 5EB5EEA82B40894B00989C51 /* ConnectionIdentityService.swift */; };
		5EB5EEAB2B40896200989C51 /* OSStatus+Extensions.swift in Sources */ = {isa = PBXBuildFile; fileRef = 5EB5EEAA2B40896200989C51 /* OSStatus+Extensions.swift */; };
		5EC2F1962B3CAFA8001AFEFA /* main.swift in Sources */ = {isa = PBXBuildFile; fileRef = 5EC2F1952B3CAFA8001AFEFA /* main.swift */; };
		5EC2F19A2B3CB0A4001AFEFA /* ScriptexError.swift in Sources */ = {isa = PBXBuildFile; fileRef = 5E835CE92B3B5902004BDB5D /* ScriptexError.swift */; };
		5EC2F19C2B3CB110001AFEFA /* HelperProtocol.swift in Sources */ = {isa = PBXBuildFile; fileRef = 5EC2F19B2B3CB110001AFEFA /* HelperProtocol.swift */; };
		5EC2F19D2B3CB110001AFEFA /* HelperProtocol.swift in Sources */ = {isa = PBXBuildFile; fileRef = 5EC2F19B2B3CB110001AFEFA /* HelperProtocol.swift */; };
		5EC2F19F2B3CB190001AFEFA /* RemoteApplicationProtocol.swift in Sources */ = {isa = PBXBuildFile; fileRef = 5EC2F19E2B3CB190001AFEFA /* RemoteApplicationProtocol.swift */; };
		5EC2F1A02B3CB190001AFEFA /* RemoteApplicationProtocol.swift in Sources */ = {isa = PBXBuildFile; fileRef = 5EC2F19E2B3CB190001AFEFA /* RemoteApplicationProtocol.swift */; };
		5EC2F1A22B3CB1E7001AFEFA /* HelperConstants.swift in Sources */ = {isa = PBXBuildFile; fileRef = 5EC2F1A12B3CB1E7001AFEFA /* HelperConstants.swift */; };
		5EC2F1A32B3CB1E7001AFEFA /* HelperConstants.swift in Sources */ = {isa = PBXBuildFile; fileRef = 5EC2F1A12B3CB1E7001AFEFA /* HelperConstants.swift */; };
		5EC2F1A52B3CB287001AFEFA /* ExecutionService.swift in Sources */ = {isa = PBXBuildFile; fileRef = 5EC2F1A42B3CB287001AFEFA /* ExecutionService.swift */; };
		5EC2F1A72B3CB2AD001AFEFA /* Helper.swift in Sources */ = {isa = PBXBuildFile; fileRef = 5EC2F1A62B3CB2AD001AFEFA /* Helper.swift */; };
		5EC2F1A92B3CB4C1001AFEFA /* HelperRemoteProvider.swift in Sources */ = {isa = PBXBuildFile; fileRef = 5EC2F1A82B3CB4C1001AFEFA /* HelperRemoteProvider.swift */; };
		69B57D672DE31B8300115022 /* com.sachin.Scriptex.helper in CopyFiles */ = {isa = PBXBuildFile; fileRef = 5EC2F1932B3CAFA8001AFEFA /* com.sachin.Scriptex.helper */; settings = {ATTRIBUTES = (CodeSignOnCopy, ); }; };
		69C6C5E02E0EB40700B45075 /* preinstall.sh in Resources */ = {isa = PBXBuildFile; fileRef = 69C6C5DF2E0EB3FC00B45075 /* preinstall.sh */; };
		69C6C5E22E0EB41600B45075 /* postInstall.sh in Resources */ = {isa = PBXBuildFile; fileRef = 69C6C5E12E0EB40B00B45075 /* postInstall.sh */; };
		A1B2C3D42E1FA50000000001 /* ColorTheme.swift in Sources */ = {isa = PBXBuildFile; fileRef = A1B2C3D32E1FA50000000001 /* ColorTheme.swift */; };
		A1B2C3D62E1FA50100000001 /* SidebarItem.swift in Sources */ = {isa = PBXBuildFile; fileRef = A1B2C3D52E1FA50100000001 /* SidebarItem.swift */; };
		A1B2C3D82E1FA50200000001 /* NetworkInfo.swift in Sources */ = {isa = PBXBuildFile; fileRef = A1B2C3D72E1FA50200000001 /* NetworkInfo.swift */; };
		A1B2C3DA2E1FA50300000001 /* SystemInfo.swift in Sources */ = {isa = PBXBuildFile; fileRef = A1B2C3D92E1FA50300000001 /* SystemInfo.swift */; };
		A1B2C3DC2E1FA50400000001 /* DashboardView.swift in Sources */ = {isa = PBXBuildFile; fileRef = A1B2C3DB2E1FA50400000001 /* DashboardView.swift */; };
		A1B2C3DE2E1FA50500000001 /* NetworkInfoCard.swift in Sources */ = {isa = PBXBuildFile; fileRef = A1B2C3DD2E1FA50500000001 /* NetworkInfoCard.swift */; };
		A1B2C3E02E1FA50600000001 /* StorageInfoCard.swift in Sources */ = {isa = PBXBuildFile; fileRef = A1B2C3DF2E1FA50600000001 /* StorageInfoCard.swift */; };
		A1B2C3E22E1FA50700000001 /* SystemInfoCard.swift in Sources */ = {isa = PBXBuildFile; fileRef = A1B2C3E12E1FA50700000001 /* SystemInfoCard.swift */; };
		A1B2C3E42E1FA50800000001 /* ScriptExecutionView.swift in Sources */ = {isa = PBXBuildFile; fileRef = A1B2C3E32E1FA50800000001 /* ScriptExecutionView.swift */; };
		A1B2C3E62E1FA50900000001 /* AppManagerView.swift in Sources */ = {isa = PBXBuildFile; fileRef = A1B2C3E52E1FA50900000001 /* AppManagerView.swift */; };
		A1B2C3E82E1FA50A00000001 /* FileManagerView.swift in Sources */ = {isa = PBXBuildFile; fileRef = A1B2C3E72E1FA50A00000001 /* FileManagerView.swift */; };
		A1B2C3EA2E1FA50B00000001 /* SidebarView.swift in Sources */ = {isa = PBXBuildFile; fileRef = A1B2C3E92E1FA50B00000001 /* SidebarView.swift */; };
		A1B2C3EC2E1FA50C00000001 /* SidebarItemView.swift in Sources */ = {isa = PBXBuildFile; fileRef = A1B2C3EB2E1FA50C00000001 /* SidebarItemView.swift */; };
		A1B2C3F02E1FA50E00000001 /* InfoRow.swift in Sources */ = {isa = PBXBuildFile; fileRef = A1B2C3EF2E1FA50E00000001 /* InfoRow.swift */; };
		A1B2C3F12E1FA50F00000001 /* Logger.swift in Sources */ = {isa = PBXBuildFile; fileRef = A1B2C3F22E1FA51000000001 /* Logger.swift */; };
		A1B2C3F42E1FA51100000001 /* DetailView.swift in Sources */ = {isa = PBXBuildFile; fileRef = A1B2C3F52E1FA51200000001 /* DetailView.swift */; };
		A1B2C3F62E1FA51300000001 /* UserInfo.swift in Sources */ = {isa = PBXBuildFile; fileRef = A1B2C3F62E1FA51300000002 /* UserInfo.swift */; };
		A1B2C3F72E1FA51400000001 /* UserManagerView.swift in Sources */ = {isa = PBXBuildFile; fileRef = A1B2C3F72E1FA51400000002 /* UserManagerView.swift */; };
		A1B2C3F82E1FA51500000001 /* UserInfo.swift in Sources */ = {isa = PBXBuildFile; fileRef = A1B2C3F62E1FA51300000002 /* UserInfo.swift */; };
		C11A8F0BC8C54FEEAD8158B4 /* XcodeShortcutsView.swift in Sources */ = {isa = PBXBuildFile; fileRef = F911C102457C43BE84187AC2 /* XcodeShortcutsView.swift */; };
		0A0EB77A93EE4789B5D94D5C /* XcodeShortcutModels.swift in Sources */ = {isa = PBXBuildFile; fileRef = B49A1C6B0D9D434682126FAA /* XcodeShortcutModels.swift */; };
		24AEA4D554BC48E69DF4F121 /* AddCustomShortcutView.swift in Sources */ = {isa = PBXBuildFile; fileRef = 6991A4355ABF4312A7962D95 /* AddCustomShortcutView.swift */; };
		C8DC01BCAEB048678472FF59 /* SwiftSyntaxModels.swift in Sources */ = {isa = PBXBuildFile; fileRef = 4017C5CCFFC3480DA4AAC448 /* SwiftSyntaxModels.swift */; };
		84836908C8404153A24AEE88 /* SwiftSyntaxView.swift in Sources */ = {isa = PBXBuildFile; fileRef = E46E920DF21841D7979F8A0D /* SwiftSyntaxView.swift */; };
		74B654CFC25847ABB9ED0844 /* CodeDetailView.swift in Sources */ = {isa = PBXBuildFile; fileRef = A16F3A3FCE5E4ED1B0E84D16 /* CodeDetailView.swift */; };
		33981A1BB0064D13A8A7D4E007CED7BD /* ButtonStyles.swift in Sources */ = {isa = PBXBuildFile; fileRef = 93136234D51E4A719FAA7F107AAE3BB1 /* ButtonStyles.swift */; };
/* End PBXBuildFile section */

/* Begin PBXCopyFilesBuildPhase section */
		5E3820582B41BC8900014CCD /* CopyFiles */ = {
			isa = PBXCopyFilesBuildPhase;
			buildActionMask = 2147483647;
			dstPath = Scriptex.app/Contents/Library/LaunchServices;
			dstSubfolderSpec = 16;
			files = (
				5E3820592B41BCA200014CCD /* com.sachin.Scriptex.helper in CopyFiles */,
			);
			runOnlyForDeploymentPostprocessing = 0;
		};
		69B57D662DE31B7500115022 /* CopyFiles */ = {
			isa = PBXCopyFilesBuildPhase;
			buildActionMask = 2147483647;
			dstPath = "";
			dstSubfolderSpec = 16;
			files = (
				69B57D672DE31B8300115022 /* com.sachin.Scriptex.helper in CopyFiles */,
			);
			runOnlyForDeploymentPostprocessing = 0;
		};
/* End PBXCopyFilesBuildPhase section */

/* Begin PBXFileReference section */
		5E3820562B41B9BE00014CCD /* Info.plist */ = {isa = PBXFileReference; lastKnownFileType = text.plist.xml; path = Info.plist; sourceTree = "<group>"; };
		5E3820572B41BBF100014CCD /* Launchd.plist */ = {isa = PBXFileReference; lastKnownFileType = text.plist.xml; path = Launchd.plist; sourceTree = "<group>"; };
		5E38205A2B41C13100014CCD /* SMJobBlessUtil.py */ = {isa = PBXFileReference; lastKnownFileType = text.script.python; path = SMJobBlessUtil.py; sourceTree = "<group>"; };
		5E38205B2B41C39200014CCD /* Info.plist */ = {isa = PBXFileReference; lastKnownFileType = text.plist.xml; path = Info.plist; sourceTree = "<group>"; };
		5E835CD52B3B580C004BDB5D /* Scriptex.app */ = {isa = PBXFileReference; explicitFileType = wrapper.application; includeInIndex = 0; path = Scriptex.app; sourceTree = BUILT_PRODUCTS_DIR; };
		5E835CD82B3B580C004BDB5D /* ScriptexApp.swift */ = {isa = PBXFileReference; lastKnownFileType = sourcecode.swift; path = ScriptexApp.swift; sourceTree = "<group>"; };
		5E835CDA2B3B580C004BDB5D /* ContentView.swift */ = {isa = PBXFileReference; lastKnownFileType = sourcecode.swift; path = ContentView.swift; sourceTree = "<group>"; };
		5E835CDC2B3B580C004BDB5D /* Assets.xcassets */ = {isa = PBXFileReference; lastKnownFileType = folder.assetcatalog; path = Assets.xcassets; sourceTree = "<group>"; };
		5E835CDF2B3B580C004BDB5D /* Preview Assets.xcassets */ = {isa = PBXFileReference; lastKnownFileType = folder.assetcatalog; path = "Preview Assets.xcassets"; sourceTree = "<group>"; };
		5E835CE12B3B580C004BDB5D /* Scriptex.entitlements */ = {isa = PBXFileReference; lastKnownFileType = text.plist.entitlements; path = Scriptex.entitlements; sourceTree = "<group>"; };
		5E835CE72B3B58E9004BDB5D /* ExecutionService.swift */ = {isa = PBXFileReference; lastKnownFileType = sourcecode.swift; path = ExecutionService.swift; sourceTree = "<group>"; };
		5E835CE92B3B5902004BDB5D /* ScriptexError.swift */ = {isa = PBXFileReference; lastKnownFileType = sourcecode.swift; path = ScriptexError.swift; sourceTree = "<group>"; };
		5EB5EEA82B40894B00989C51 /* ConnectionIdentityService.swift */ = {isa = PBXFileReference; lastKnownFileType = sourcecode.swift; path = ConnectionIdentityService.swift; sourceTree = "<group>"; };
		5EB5EEAA2B40896200989C51 /* OSStatus+Extensions.swift */ = {isa = PBXFileReference; lastKnownFileType = sourcecode.swift; path = "OSStatus+Extensions.swift"; sourceTree = "<group>"; };
		5EC2F1932B3CAFA8001AFEFA /* com.sachin.Scriptex.helper */ = {isa = PBXFileReference; explicitFileType = "compiled.mach-o.executable"; includeInIndex = 0; path = com.sachin.Scriptex.helper; sourceTree = BUILT_PRODUCTS_DIR; };
		5EC2F1952B3CAFA8001AFEFA /* main.swift */ = {isa = PBXFileReference; lastKnownFileType = sourcecode.swift; path = main.swift; sourceTree = "<group>"; };
		5EC2F19B2B3CB110001AFEFA /* HelperProtocol.swift */ = {isa = PBXFileReference; lastKnownFileType = sourcecode.swift; path = HelperProtocol.swift; sourceTree = "<group>"; };
		5EC2F19E2B3CB190001AFEFA /* RemoteApplicationProtocol.swift */ = {isa = PBXFileReference; lastKnownFileType = sourcecode.swift; path = RemoteApplicationProtocol.swift; sourceTree = "<group>"; };
		5EC2F1A12B3CB1E7001AFEFA /* HelperConstants.swift */ = {isa = PBXFileReference; lastKnownFileType = sourcecode.swift; path = HelperConstants.swift; sourceTree = "<group>"; };
		5EC2F1A42B3CB287001AFEFA /* ExecutionService.swift */ = {isa = PBXFileReference; lastKnownFileType = sourcecode.swift; path = ExecutionService.swift; sourceTree = "<group>"; };
		5EC2F1A62B3CB2AD001AFEFA /* Helper.swift */ = {isa = PBXFileReference; lastKnownFileType = sourcecode.swift; path = Helper.swift; sourceTree = "<group>"; };
		5EC2F1A82B3CB4C1001AFEFA /* HelperRemoteProvider.swift */ = {isa = PBXFileReference; lastKnownFileType = sourcecode.swift; path = HelperRemoteProvider.swift; sourceTree = "<group>"; };
		69C6C5DF2E0EB3FC00B45075 /* preinstall.sh */ = {isa = PBXFileReference; lastKnownFileType = text.script.sh; path = preinstall.sh; sourceTree = "<group>"; };
		69C6C5E12E0EB40B00B45075 /* postInstall.sh */ = {isa = PBXFileReference; lastKnownFileType = text.script.sh; path = postInstall.sh; sourceTree = "<group>"; };
		A1B2C3D32E1FA50000000001 /* ColorTheme.swift */ = {isa = PBXFileReference; lastKnownFileType = sourcecode.swift; path = ColorTheme.swift; sourceTree = "<group>"; };
		A1B2C3D52E1FA50100000001 /* SidebarItem.swift */ = {isa = PBXFileReference; lastKnownFileType = sourcecode.swift; path = SidebarItem.swift; sourceTree = "<group>"; };
		A1B2C3D72E1FA50200000001 /* NetworkInfo.swift */ = {isa = PBXFileReference; lastKnownFileType = sourcecode.swift; path = NetworkInfo.swift; sourceTree = "<group>"; };
		A1B2C3D92E1FA50300000001 /* SystemInfo.swift */ = {isa = PBXFileReference; lastKnownFileType = sourcecode.swift; path = SystemInfo.swift; sourceTree = "<group>"; };
		A1B2C3DB2E1FA50400000001 /* DashboardView.swift */ = {isa = PBXFileReference; lastKnownFileType = sourcecode.swift; path = DashboardView.swift; sourceTree = "<group>"; };
		A1B2C3DD2E1FA50500000001 /* NetworkInfoCard.swift */ = {isa = PBXFileReference; lastKnownFileType = sourcecode.swift; path = NetworkInfoCard.swift; sourceTree = "<group>"; };
		A1B2C3DF2E1FA50600000001 /* StorageInfoCard.swift */ = {isa = PBXFileReference; lastKnownFileType = sourcecode.swift; path = StorageInfoCard.swift; sourceTree = "<group>"; };
		A1B2C3E12E1FA50700000001 /* SystemInfoCard.swift */ = {isa = PBXFileReference; lastKnownFileType = sourcecode.swift; path = SystemInfoCard.swift; sourceTree = "<group>"; };
		A1B2C3E32E1FA50800000001 /* ScriptExecutionView.swift */ = {isa = PBXFileReference; lastKnownFileType = sourcecode.swift; path = ScriptExecutionView.swift; sourceTree = "<group>"; };
		A1B2C3E52E1FA50900000001 /* AppManagerView.swift */ = {isa = PBXFileReference; lastKnownFileType = sourcecode.swift; path = AppManagerView.swift; sourceTree = "<group>"; };
		A1B2C3E72E1FA50A00000001 /* FileManagerView.swift */ = {isa = PBXFileReference; lastKnownFileType = sourcecode.swift; path = FileManagerView.swift; sourceTree = "<group>"; };
		A1B2C3E92E1FA50B00000001 /* SidebarView.swift */ = {isa = PBXFileReference; lastKnownFileType = sourcecode.swift; path = SidebarView.swift; sourceTree = "<group>"; };
		A1B2C3EB2E1FA50C00000001 /* SidebarItemView.swift */ = {isa = PBXFileReference; lastKnownFileType = sourcecode.swift; path = SidebarItemView.swift; sourceTree = "<group>"; };
		A1B2C3EF2E1FA50E00000001 /* InfoRow.swift */ = {isa = PBXFileReference; lastKnownFileType = sourcecode.swift; path = InfoRow.swift; sourceTree = "<group>"; };
		A1B2C3F22E1FA51000000001 /* Logger.swift */ = {isa = PBXFileReference; lastKnownFileType = sourcecode.swift; path = Logger.swift; sourceTree = "<group>"; };
		A1B2C3F52E1FA51200000001 /* DetailView.swift */ = {isa = PBXFileReference; lastKnownFileType = sourcecode.swift; path = DetailView.swift; sourceTree = "<group>"; };
		A1B2C3F62E1FA51300000002 /* UserInfo.swift */ = {isa = PBXFileReference; lastKnownFileType = sourcecode.swift; path = UserInfo.swift; sourceTree = "<group>"; };
		A1B2C3F72E1FA51400000002 /* UserManagerView.swift */ = {isa = PBXFileReference; lastKnownFileType = sourcecode.swift; path = UserManagerView.swift; sourceTree = "<group>"; };
		F911C102457C43BE84187AC2 /* XcodeShortcutsView.swift */ = {isa = PBXFileReference; lastKnownFileType = sourcecode.swift; path = XcodeShortcutsView.swift; sourceTree = "<group>"; };
		B49A1C6B0D9D434682126FAA /* XcodeShortcutModels.swift */ = {isa = PBXFileReference; lastKnownFileType = sourcecode.swift; path = XcodeShortcutModels.swift; sourceTree = "<group>"; };
		6991A4355ABF4312A7962D95 /* AddCustomShortcutView.swift */ = {isa = PBXFileReference; lastKnownFileType = sourcecode.swift; path = AddCustomShortcutView.swift; sourceTree = "<group>"; };
		4017C5CCFFC3480DA4AAC448 /* SwiftSyntaxModels.swift */ = {isa = PBXFileReference; lastKnownFileType = sourcecode.swift; path = SwiftSyntaxModels.swift; sourceTree = "<group>"; };
		E46E920DF21841D7979F8A0D /* SwiftSyntaxView.swift */ = {isa = PBXFileReference; lastKnownFileType = sourcecode.swift; path = SwiftSyntaxView.swift; sourceTree = "<group>"; };
		A16F3A3FCE5E4ED1B0E84D16 /* CodeDetailView.swift */ = {isa = PBXFileReference; lastKnownFileType = sourcecode.swift; path = CodeDetailView.swift; sourceTree = "<group>"; };
		93136234D51E4A719FAA7F107AAE3BB1 /* ButtonStyles.swift */ = {isa = PBXFileReference; lastKnownFileType = sourcecode.swift; path = ButtonStyles.swift; sourceTree = "<group>"; };
/* End PBXFileReference section */

/* Begin PBXFrameworksBuildPhase section */
		5E835CD22B3B580C004BDB5D /* Frameworks */ = {
			isa = PBXFrameworksBuildPhase;
			buildActionMask = 2147483647;
			files = (
			);
			runOnlyForDeploymentPostprocessing = 0;
		};
		5EC2F1902B3CAFA8001AFEFA /* Frameworks */ = {
			isa = PBXFrameworksBuildPhase;
			buildActionMask = 2147483647;
			files = (
			);
			runOnlyForDeploymentPostprocessing = 0;
		};
/* End PBXFrameworksBuildPhase section */

/* Begin PBXGroup section */
		5E835CCC2B3B580C004BDB5D = {
			isa = PBXGroup;
			children = (
				5E38205A2B41C13100014CCD /* SMJobBlessUtil.py */,
				5E835CD72B3B580C004BDB5D /* Scriptex */,
				5EC2F1942B3CAFA8001AFEFA /* Helper */,
				5E835CD62B3B580C004BDB5D /* Products */,
			);
			sourceTree = "<group>";
		};
		5E835CD62B3B580C004BDB5D /* Products */ = {
			isa = PBXGroup;
			children = (
				5E835CD52B3B580C004BDB5D /* Scriptex.app */,
				5EC2F1932B3CAFA8001AFEFA /* com.sachin.Scriptex.helper */,
			);
			name = Products;
			sourceTree = "<group>";
		};
		5E835CD72B3B580C004BDB5D /* Scriptex */ = {
			isa = PBXGroup;
			children = (
				69C6C5E12E0EB40B00B45075 /* postInstall.sh */,
				69C6C5DF2E0EB3FC00B45075 /* preinstall.sh */,
				5E835CD82B3B580C004BDB5D /* ScriptexApp.swift */,
				5E835CDA2B3B580C004BDB5D /* ContentView.swift */,
				5E835CE72B3B58E9004BDB5D /* ExecutionService.swift */,
				5E835CE92B3B5902004BDB5D /* ScriptexError.swift */,
				5EC2F1A82B3CB4C1001AFEFA /* HelperRemoteProvider.swift */,
				A1B2C3D22E1FA50000000001 /* Models */,
				A1B2C3F33E1FA50000000004 /* Utils */,
				A1B2C3F32E1FA50000000002 /* Views */,
				A1B2C3F72E1FA50000000003 /* Components */,
				5E38205B2B41C39200014CCD /* Info.plist */,
				5E835CDC2B3B580C004BDB5D /* Assets.xcassets */,
				5E835CE12B3B580C004BDB5D /* Scriptex.entitlements */,
				5E835CDE2B3B580C004BDB5D /* Preview Content */,
			);
			path = Scriptex;
			sourceTree = "<group>";
		};
		5E835CDE2B3B580C004BDB5D /* Preview Content */ = {
			isa = PBXGroup;
			children = (
				5E835CDF2B3B580C004BDB5D /* Preview Assets.xcassets */,
			);
			path = "Preview Content";
			sourceTree = "<group>";
		};
		5EC2F1942B3CAFA8001AFEFA /* Helper */ = {
			isa = PBXGroup;
			children = (
				5EC2F1952B3CAFA8001AFEFA /* main.swift */,
				5EC2F19B2B3CB110001AFEFA /* HelperProtocol.swift */,
				5EC2F19E2B3CB190001AFEFA /* RemoteApplicationProtocol.swift */,
				5EC2F1A12B3CB1E7001AFEFA /* HelperConstants.swift */,
				5EB5EEA82B40894B00989C51 /* ConnectionIdentityService.swift */,
				5EB5EEAA2B40896200989C51 /* OSStatus+Extensions.swift */,
				5EC2F1A42B3CB287001AFEFA /* ExecutionService.swift */,
				5EC2F1A62B3CB2AD001AFEFA /* Helper.swift */,
				5E3820562B41B9BE00014CCD /* Info.plist */,
				5E3820572B41BBF100014CCD /* Launchd.plist */,
			);
			path = Helper;
			sourceTree = "<group>";
		};
		A1B2C3D22E1FA50000000001 /* Models */ = {
			isa = PBXGroup;
			children = (
				A1B2C3D32E1FA50000000001 /* ColorTheme.swift */,
				A1B2C3D52E1FA50100000001 /* SidebarItem.swift */,
				A1B2C3D72E1FA50200000001 /* NetworkInfo.swift */,
				A1B2C3D92E1FA50300000001 /* SystemInfo.swift */,
				A1B2C3F62E1FA51300000002 /* UserInfo.swift */,
			);
			path = Models;
			sourceTree = "<group>";
		};
		A1B2C3F32E1FA50000000002 /* Views */ = {
			isa = PBXGroup;
			children = (
				A1B2C3F42E1FA50000000002 /* Dashboard */,
				A1B2C3F52E1FA50000000002 /* ScriptExecution */,
				A1B2C3F62E1FA50000000002 /* AppManager */,
				A1B2C3F82E1FA50000000002 /* FileManager */,
				A1B2C3F92E1FA50000000002 /* UserManager */,
				A1B2C4012E1FA50000000003 /* XcodeShortcuts */,
				12B49E3EAFF842439B193443 /* SwiftSyntax */,
			);
			path = Views;
			sourceTree = "<group>";
		};
		A1B2C3F33E1FA50000000004 /* Utils */ = {
			isa = PBXGroup;
			children = (
				A1B2C3F22E1FA51000000001 /* Logger.swift */,
			);
			path = Utils;
			sourceTree = "<group>";
		};
		A1B2C3F42E1FA50000000002 /* Dashboard */ = {
			isa = PBXGroup;
			children = (
				A1B2C3DB2E1FA50400000001 /* DashboardView.swift */,
				A1B2C3DD2E1FA50500000001 /* NetworkInfoCard.swift */,
				A1B2C3DF2E1FA50600000001 /* StorageInfoCard.swift */,
				A1B2C3E12E1FA50700000001 /* SystemInfoCard.swift */,
			);
			path = Dashboard;
			sourceTree = "<group>";
		};
		A1B2C3F52E1FA50000000002 /* ScriptExecution */ = {
			isa = PBXGroup;
			children = (
				A1B2C3E32E1FA50800000001 /* ScriptExecutionView.swift */,
			);
			path = ScriptExecution;
			sourceTree = "<group>";
		};
		A1B2C3F62E1FA50000000002 /* AppManager */ = {
			isa = PBXGroup;
			children = (
				A1B2C3E52E1FA50900000001 /* AppManagerView.swift */,
			);
			path = AppManager;
			sourceTree = "<group>";
		};
		A1B2C3F72E1FA50000000003 /* Components */ = {
			isa = PBXGroup;
			children = (
				A1B2C3E92E1FA50B00000001 /* SidebarView.swift */,
				A1B2C3EB2E1FA50C00000001 /* SidebarItemView.swift */,
				A1B2C3EF2E1FA50E00000001 /* InfoRow.swift */,
				A1B2C3F52E1FA51200000001 /* DetailView.swift */,
				93136234D51E4A719FAA7F107AAE3BB1 /* ButtonStyles.swift */,
			);
			path = Components;
			sourceTree = "<group>";
		};
		A1B2C3F82E1FA50000000002 /* FileManager */ = {
			isa = PBXGroup;
			children = (
				A1B2C3E72E1FA50A00000001 /* FileManagerView.swift */,
			);
			path = FileManager;
			sourceTree = "<group>";
		};
		A1B2C3F92E1FA50000000002 /* UserManager */ = {
			isa = PBXGroup;
			children = (
				A1B2C3F72E1FA51400000002 /* UserManagerView.swift */,
			);
			path = UserManager;
			sourceTree = "<group>";
		};
		A1B2C4012E1FA50000000003 /* XcodeShortcuts */ = {
			isa = PBXGroup;
			children = (
				F911C102457C43BE84187AC2 /* XcodeShortcutsView.swift */,
				B49A1C6B0D9D434682126FAA /* XcodeShortcutModels.swift */,
				6991A4355ABF4312A7962D95 /* AddCustomShortcutView.swift */,
			);
			path = XcodeShortcuts;
			sourceTree = "<group>";
		};
		12B49E3EAFF842439B193443 /* SwiftSyntax */ = {
			isa = PBXGroup;
			children = (
				4017C5CCFFC3480DA4AAC448 /* SwiftSyntaxModels.swift */,
				E46E920DF21841D7979F8A0D /* SwiftSyntaxView.swift */,
				A16F3A3FCE5E4ED1B0E84D16 /* CodeDetailView.swift */,
			);
			path = SwiftSyntax;
			sourceTree = "<group>";
		};
/* End PBXGroup section */

/* Begin PBXNativeTarget section */
		5E835CD42B3B580C004BDB5D /* Scriptex */ = {
			isa = PBXNativeTarget;
			buildConfigurationList = 5E835CE42B3B580C004BDB5D /* Build configuration list for PBXNativeTarget "Scriptex" */;
			buildPhases = (
				5E835CD12B3B580C004BDB5D /* Sources */,
				5E835CD22B3B580C004BDB5D /* Frameworks */,
				5E835CD32B3B580C004BDB5D /* Resources */,
				5E3820582B41BC8900014CCD /* CopyFiles */,
			);
			buildRules = (
			);
			dependencies = (
			);
			name = Scriptex;
			productName = Scriptex;
			productReference = 5E835CD52B3B580C004BDB5D /* Scriptex.app */;
			productType = "com.apple.product-type.application";
		};
		5EC2F1922B3CAFA8001AFEFA /* com.sachin.Scriptex.helper */ = {
			isa = PBXNativeTarget;
			buildConfigurationList = 5EC2F1992B3CAFA8001AFEFA /* Build configuration list for PBXNativeTarget "com.sachin.Scriptex.helper" */;
			buildPhases = (
				5EC2F18F2B3CAFA8001AFEFA /* Sources */,
				5EC2F1902B3CAFA8001AFEFA /* Frameworks */,
				69B57D662DE31B7500115022 /* CopyFiles */,
			);
			buildRules = (
			);
			dependencies = (
			);
			name = com.sachin.Scriptex.helper;
			productName = Helper;
			productReference = 5EC2F1932B3CAFA8001AFEFA /* com.sachin.Scriptex.helper */;
			productType = "com.apple.product-type.tool";
		};
/* End PBXNativeTarget section */

/* Begin PBXProject section */
		5E835CCD2B3B580C004BDB5D /* Project object */ = {
			isa = PBXProject;
			attributes = {
				BuildIndependentTargetsInParallel = 1;
				LastSwiftUpdateCheck = 1510;
				LastUpgradeCheck = 2600;
				TargetAttributes = {
					5E835CD42B3B580C004BDB5D = {
						CreatedOnToolsVersion = 15.1;
					};
					5EC2F1922B3CAFA8001AFEFA = {
						CreatedOnToolsVersion = 15.1;
					};
				};
			};
			buildConfigurationList = 5E835CD02B3B580C004BDB5D /* Build configuration list for PBXProject "Scriptex" */;
			compatibilityVersion = "Xcode 14.0";
			developmentRegion = en;
			hasScannedForEncodings = 0;
			knownRegions = (
				en,
				Base,
			);
			mainGroup = 5E835CCC2B3B580C004BDB5D;
			productRefGroup = 5E835CD62B3B580C004BDB5D /* Products */;
			projectDirPath = "";
			projectRoot = "";
			targets = (
				5E835CD42B3B580C004BDB5D /* Scriptex */,
				5EC2F1922B3CAFA8001AFEFA /* com.sachin.Scriptex.helper */,
			);
		};
/* End PBXProject section */

/* Begin PBXResourcesBuildPhase section */
		5E835CD32B3B580C004BDB5D /* Resources */ = {
			isa = PBXResourcesBuildPhase;
			buildActionMask = 2147483647;
			files = (
				69C6C5E22E0EB41600B45075 /* postInstall.sh in Resources */,
				5E835CE02B3B580C004BDB5D /* Preview Assets.xcassets in Resources */,
				69C6C5E02E0EB40700B45075 /* preinstall.sh in Resources */,
				5E835CDD2B3B580C004BDB5D /* Assets.xcassets in Resources */,
			);
			runOnlyForDeploymentPostprocessing = 0;
		};
/* End PBXResourcesBuildPhase section */

/* Begin PBXSourcesBuildPhase section */
		5E835CD12B3B580C004BDB5D /* Sources */ = {
			isa = PBXSourcesBuildPhase;
			buildActionMask = 2147483647;
			files = (
				5E835CDB2B3B580C004BDB5D /* ContentView.swift in Sources */,
				5EC2F1A92B3CB4C1001AFEFA /* HelperRemoteProvider.swift in Sources */,
				5E38205D2B41E74F00014CCD /* OSStatus+Extensions.swift in Sources */,
				5E835CD92B3B580C004BDB5D /* ScriptexApp.swift in Sources */,
				5EC2F1A22B3CB1E7001AFEFA /* HelperConstants.swift in Sources */,
				5EC2F19F2B3CB190001AFEFA /* RemoteApplicationProtocol.swift in Sources */,
				5E835CEA2B3B5902004BDB5D /* ScriptexError.swift in Sources */,
				5E835CE82B3B58E9004BDB5D /* ExecutionService.swift in Sources */,
				5EC2F19C2B3CB110001AFEFA /* HelperProtocol.swift in Sources */,
				A1B2C3D42E1FA50000000001 /* ColorTheme.swift in Sources */,
				A1B2C3D62E1FA50100000001 /* SidebarItem.swift in Sources */,
				A1B2C3D82E1FA50200000001 /* NetworkInfo.swift in Sources */,
				A1B2C3DA2E1FA50300000001 /* SystemInfo.swift in Sources */,
				A1B2C3DC2E1FA50400000001 /* DashboardView.swift in Sources */,
				A1B2C3DE2E1FA50500000001 /* NetworkInfoCard.swift in Sources */,
				A1B2C3E02E1FA50600000001 /* StorageInfoCard.swift in Sources */,
				A1B2C3E22E1FA50700000001 /* SystemInfoCard.swift in Sources */,
				A1B2C3E42E1FA50800000001 /* ScriptExecutionView.swift in Sources */,
				A1B2C3E62E1FA50900000001 /* AppManagerView.swift in Sources */,
				A1B2C3E82E1FA50A00000001 /* FileManagerView.swift in Sources */,
				A1B2C3EA2E1FA50B00000001 /* SidebarView.swift in Sources */,
				A1B2C3EC2E1FA50C00000001 /* SidebarItemView.swift in Sources */,
				A1B2C3F02E1FA50E00000001 /* InfoRow.swift in Sources */,
				A1B2C3F12E1FA50F00000001 /* Logger.swift in Sources */,
				A1B2C3F42E1FA51100000001 /* DetailView.swift in Sources */,
				A1B2C3F62E1FA51300000001 /* UserInfo.swift in Sources */,
				A1B2C3F72E1FA51400000001 /* UserManagerView.swift in Sources */,
				C11A8F0BC8C54FEEAD8158B4 /* XcodeShortcutsView.swift in Sources */,
				0A0EB77A93EE4789B5D94D5C /* XcodeShortcutModels.swift in Sources */,
				24AEA4D554BC48E69DF4F121 /* AddCustomShortcutView.swift in Sources */,
				C8DC01BCAEB048678472FF59 /* SwiftSyntaxModels.swift in Sources */,
				84836908C8404153A24AEE88 /* SwiftSyntaxView.swift in Sources */,
				74B654CFC25847ABB9ED0844 /* CodeDetailView.swift in Sources */,
				33981A1BB0064D13A8A7D4E007CED7BD /* ButtonStyles.swift in Sources */,
			);
			runOnlyForDeploymentPostprocessing = 0;
		};
		5EC2F18F2B3CAFA8001AFEFA /* Sources */ = {
			isa = PBXSourcesBuildPhase;
			buildActionMask = 2147483647;
			files = (
				5EC2F1A32B3CB1E7001AFEFA /* HelperConstants.swift in Sources */,
				5EC2F1A72B3CB2AD001AFEFA /* Helper.swift in Sources */,
				5EB5EEAB2B40896200989C51 /* OSStatus+Extensions.swift in Sources */,
				5EC2F1A02B3CB190001AFEFA /* RemoteApplicationProtocol.swift in Sources */,
				5EC2F1A52B3CB287001AFEFA /* ExecutionService.swift in Sources */,
				5EC2F19A2B3CB0A4001AFEFA /* ScriptexError.swift in Sources */,
				5EB5EEA92B40894B00989C51 /* ConnectionIdentityService.swift in Sources */,
				5EC2F1962B3CAFA8001AFEFA /* main.swift in Sources */,
				5EC2F19D2B3CB110001AFEFA /* HelperProtocol.swift in Sources */,
				A1B2C3F82E1FA51500000001 /* UserInfo.swift in Sources */,
			);
			runOnlyForDeploymentPostprocessing = 0;
		};
/* End PBXSourcesBuildPhase section */

/* Begin XCBuildConfiguration section */
		5E835CE22B3B580C004BDB5D /* Debug */ = {
			isa = XCBuildConfiguration;
			buildSettings = {
				ALWAYS_SEARCH_USER_PATHS = NO;
				ASSETCATALOG_COMPILER_GENERATE_SWIFT_ASSET_SYMBOL_EXTENSIONS = YES;
				CLANG_ANALYZER_NONNULL = YES;
				CLANG_ANALYZER_NUMBER_OBJECT_CONVERSION = YES_AGGRESSIVE;
				CLANG_CXX_LANGUAGE_STANDARD = "gnu++20";
				CLANG_ENABLE_MODULES = YES;
				CLANG_ENABLE_OBJC_ARC = YES;
				CLANG_ENABLE_OBJC_WEAK = YES;
				CLANG_WARN_BLOCK_CAPTURE_AUTORELEASING = YES;
				CLANG_WARN_BOOL_CONVERSION = YES;
				CLANG_WARN_COMMA = YES;
				CLANG_WARN_CONSTANT_CONVERSION = YES;
				CLANG_WARN_DEPRECATED_OBJC_IMPLEMENTATIONS = YES;
				CLANG_WARN_DIRECT_OBJC_ISA_USAGE = YES_ERROR;
				CLANG_WARN_DOCUMENTATION_COMMENTS = YES;
				CLANG_WARN_EMPTY_BODY = YES;
				CLANG_WARN_ENUM_CONVERSION = YES;
				CLANG_WARN_INFINITE_RECURSION = YES;
				CLANG_WARN_INT_CONVERSION = YES;
				CLANG_WARN_NON_LITERAL_NULL_CONVERSION = YES;
				CLANG_WARN_OBJC_IMPLICIT_RETAIN_SELF = YES;
				CLANG_WARN_OBJC_LITERAL_CONVERSION = YES;
				CLANG_WARN_OBJC_ROOT_CLASS = YES_ERROR;
				CLANG_WARN_QUOTED_INCLUDE_IN_FRAMEWORK_HEADER = YES;
				CLANG_WARN_RANGE_LOOP_ANALYSIS = YES;
				CLANG_WARN_STRICT_PROTOTYPES = YES;
				CLANG_WARN_SUSPICIOUS_MOVE = YES;
				CLANG_WARN_UNGUARDED_AVAILABILITY = YES_AGGRESSIVE;
				CLANG_WARN_UNREACHABLE_CODE = YES;
				CLANG_WARN__DUPLICATE_METHOD_MATCH = YES;
				COPY_PHASE_STRIP = NO;
				DEAD_CODE_STRIPPING = YES;
				DEBUG_INFORMATION_FORMAT = dwarf;
				ENABLE_STRICT_OBJC_MSGSEND = YES;
				ENABLE_TESTABILITY = YES;
				ENABLE_USER_SCRIPT_SANDBOXING = YES;
				GCC_C_LANGUAGE_STANDARD = gnu17;
				GCC_DYNAMIC_NO_PIC = NO;
				GCC_NO_COMMON_BLOCKS = YES;
				GCC_OPTIMIZATION_LEVEL = 0;
				GCC_PREPROCESSOR_DEFINITIONS = (
					"DEBUG=1",
					"$(inherited)",
				);
				GCC_WARN_64_TO_32_BIT_CONVERSION = YES;
				GCC_WARN_ABOUT_RETURN_TYPE = YES_ERROR;
				GCC_WARN_UNDECLARED_SELECTOR = YES;
				GCC_WARN_UNINITIALIZED_AUTOS = YES_AGGRESSIVE;
				GCC_WARN_UNUSED_FUNCTION = YES;
				GCC_WARN_UNUSED_VARIABLE = YES;
				LOCALIZATION_PREFERS_STRING_CATALOGS = YES;
				MACOSX_DEPLOYMENT_TARGET = 14.2;
				MTL_ENABLE_DEBUG_INFO = INCLUDE_SOURCE;
				MTL_FAST_MATH = YES;
				ONLY_ACTIVE_ARCH = YES;
				SDKROOT = macosx;
				STRING_CATALOG_GENERATE_SYMBOLS = YES;
				SWIFT_ACTIVE_COMPILATION_CONDITIONS = "DEBUG $(inherited)";
				SWIFT_OPTIMIZATION_LEVEL = "-Onone";
			};
			name = Debug;
		};
		5E835CE32B3B580C004BDB5D /* Release */ = {
			isa = XCBuildConfiguration;
			buildSettings = {
				ALWAYS_SEARCH_USER_PATHS = NO;
				ASSETCATALOG_COMPILER_GENERATE_SWIFT_ASSET_SYMBOL_EXTENSIONS = YES;
				CLANG_ANALYZER_NONNULL = YES;
				CLANG_ANALYZER_NUMBER_OBJECT_CONVERSION = YES_AGGRESSIVE;
				CLANG_CXX_LANGUAGE_STANDARD = "gnu++20";
				CLANG_ENABLE_MODULES = YES;
				CLANG_ENABLE_OBJC_ARC = YES;
				CLANG_ENABLE_OBJC_WEAK = YES;
				CLANG_WARN_BLOCK_CAPTURE_AUTORELEASING = YES;
				CLANG_WARN_BOOL_CONVERSION = YES;
				CLANG_WARN_COMMA = YES;
				CLANG_WARN_CONSTANT_CONVERSION = YES;
				CLANG_WARN_DEPRECATED_OBJC_IMPLEMENTATIONS = YES;
				CLANG_WARN_DIRECT_OBJC_ISA_USAGE = YES_ERROR;
				CLANG_WARN_DOCUMENTATION_COMMENTS = YES;
				CLANG_WARN_EMPTY_BODY = YES;
				CLANG_WARN_ENUM_CONVERSION = YES;
				CLANG_WARN_INFINITE_RECURSION = YES;
				CLANG_WARN_INT_CONVERSION = YES;
				CLANG_WARN_NON_LITERAL_NULL_CONVERSION = YES;
				CLANG_WARN_OBJC_IMPLICIT_RETAIN_SELF = YES;
				CLANG_WARN_OBJC_LITERAL_CONVERSION = YES;
				CLANG_WARN_OBJC_ROOT_CLASS = YES_ERROR;
				CLANG_WARN_QUOTED_INCLUDE_IN_FRAMEWORK_HEADER = YES;
				CLANG_WARN_RANGE_LOOP_ANALYSIS = YES;
				CLANG_WARN_STRICT_PROTOTYPES = YES;
				CLANG_WARN_SUSPICIOUS_MOVE = YES;
				CLANG_WARN_UNGUARDED_AVAILABILITY = YES_AGGRESSIVE;
				CLANG_WARN_UNREACHABLE_CODE = YES;
				CLANG_WARN__DUPLICATE_METHOD_MATCH = YES;
				COPY_PHASE_STRIP = NO;
				DEAD_CODE_STRIPPING = YES;
				DEBUG_INFORMATION_FORMAT = "dwarf-with-dsym";
				ENABLE_NS_ASSERTIONS = NO;
				ENABLE_STRICT_OBJC_MSGSEND = YES;
				ENABLE_USER_SCRIPT_SANDBOXING = YES;
				GCC_C_LANGUAGE_STANDARD = gnu17;
				GCC_NO_COMMON_BLOCKS = YES;
				GCC_WARN_64_TO_32_BIT_CONVERSION = YES;
				GCC_WARN_ABOUT_RETURN_TYPE = YES_ERROR;
				GCC_WARN_UNDECLARED_SELECTOR = YES;
				GCC_WARN_UNINITIALIZED_AUTOS = YES_AGGRESSIVE;
				GCC_WARN_UNUSED_FUNCTION = YES;
				GCC_WARN_UNUSED_VARIABLE = YES;
				LOCALIZATION_PREFERS_STRING_CATALOGS = YES;
				MACOSX_DEPLOYMENT_TARGET = 14.2;
				MTL_ENABLE_DEBUG_INFO = NO;
				MTL_FAST_MATH = YES;
				SDKROOT = macosx;
				STRING_CATALOG_GENERATE_SYMBOLS = YES;
				SWIFT_COMPILATION_MODE = wholemodule;
			};
			name = Release;
		};
		5E835CE52B3B580C004BDB5D /* Debug */ = {
			isa = XCBuildConfiguration;
			buildSettings = {
				ASSETCATALOG_COMPILER_APPICON_NAME = AppIcon;
				ASSETCATALOG_COMPILER_GLOBAL_ACCENT_COLOR_NAME = AccentColor;
				CODE_SIGN_ENTITLEMENTS = Scriptex/Scriptex.entitlements;
				CODE_SIGN_STYLE = Automatic;
				COMBINE_HIDPI_IMAGES = YES;
				CURRENT_PROJECT_VERSION = 1;
				DEAD_CODE_STRIPPING = YES;
				DEVELOPMENT_ASSET_PATHS = "\"Scriptex/Preview Content\"";
				DEVELOPMENT_TEAM = QA7BM7NDFK;
				ENABLE_HARDENED_RUNTIME = YES;
				ENABLE_PREVIEWS = YES;
				GENERATE_INFOPLIST_FILE = NO;
				INFOPLIST_FILE = "$(SRCROOT)/Scriptex/Info.plist";
				INFOPLIST_KEY_NSHumanReadableCopyright = "";
				LD_RUNPATH_SEARCH_PATHS = (
					"$(inherited)",
					"@executable_path/../Frameworks",
				);
				MACOSX_DEPLOYMENT_TARGET = 11.0;
				MARKETING_VERSION = 1.0;
				PRODUCT_BUNDLE_IDENTIFIER = com.sachin.Scriptex;
				PRODUCT_NAME = "$(TARGET_NAME)";
				SWIFT_EMIT_LOC_STRINGS = YES;
				SWIFT_VERSION = 5.0;
			};
			name = Debug;
		};
		5E835CE62B3B580C004BDB5D /* Release */ = {
			isa = XCBuildConfiguration;
			buildSettings = {
				ASSETCATALOG_COMPILER_APPICON_NAME = AppIcon;
				ASSETCATALOG_COMPILER_GLOBAL_ACCENT_COLOR_NAME = AccentColor;
				CODE_SIGN_ENTITLEMENTS = Scriptex/Scriptex.entitlements;
				CODE_SIGN_IDENTITY = "Apple Development";
				CODE_SIGN_STYLE = Automatic;
				COMBINE_HIDPI_IMAGES = YES;
				CURRENT_PROJECT_VERSION = 1;
				DEAD_CODE_STRIPPING = YES;
				DEVELOPMENT_ASSET_PATHS = "\"Scriptex/Preview Content\"";
				DEVELOPMENT_TEAM = QA7BM7NDFK;
				ENABLE_HARDENED_RUNTIME = YES;
				ENABLE_PREVIEWS = YES;
				GENERATE_INFOPLIST_FILE = NO;
				INFOPLIST_FILE = "$(SRCROOT)/Scriptex/Info.plist";
				INFOPLIST_KEY_NSHumanReadableCopyright = "";
				LD_RUNPATH_SEARCH_PATHS = (
					"$(inherited)",
					"@executable_path/../Frameworks",
				);
				MACOSX_DEPLOYMENT_TARGET = 11.0;
				MARKETING_VERSION = 1.0;
				PRODUCT_BUNDLE_IDENTIFIER = com.sachin.Scriptex;
				PRODUCT_NAME = "$(TARGET_NAME)";
				PROVISIONING_PROFILE_SPECIFIER = "";
				SWIFT_EMIT_LOC_STRINGS = YES;
				SWIFT_VERSION = 5.0;
			};
			name = Release;
		};
		5EC2F1972B3CAFA8001AFEFA /* Debug */ = {
			isa = XCBuildConfiguration;
			buildSettings = {
				CODE_SIGN_STYLE = Automatic;
				DEAD_CODE_STRIPPING = YES;
				DEVELOPMENT_TEAM = QA7BM7NDFK;
				ENABLE_HARDENED_RUNTIME = YES;
				INFOPLIST_FILE = "$(SRCROOT)/Helper/Info.plist";
				MACOSX_DEPLOYMENT_TARGET = 11.5;
				OTHER_LDFLAGS = (
					"-sectcreate",
					__TEXT,
					__info_plist,
					"\"$(SRCROOT)/Helper/Info.plist\"",
					"-sectcreate",
					__TEXT,
					__launchd_plist,
					"\"$(SRCROOT)/Helper/Launchd.plist\"",
				);
				PRODUCT_BUNDLE_IDENTIFIER = com.sachin.Scriptex.helper;
				PRODUCT_NAME = "$(TARGET_NAME)";
				SWIFT_VERSION = 5.0;
			};
			name = Debug;
		};
		5EC2F1982B3CAFA8001AFEFA /* Release */ = {
			isa = XCBuildConfiguration;
			buildSettings = {
				CODE_SIGN_STYLE = Manual;
				DEAD_CODE_STRIPPING = YES;
				DEVELOPMENT_TEAM = "";
				ENABLE_HARDENED_RUNTIME = YES;
				INFOPLIST_FILE = "$(SRCROOT)/Helper/Info.plist";
				MACOSX_DEPLOYMENT_TARGET = 11.5;
				OTHER_LDFLAGS = (
					"-sectcreate",
					__TEXT,
					__info_plist,
					"\"$(SRCROOT)/Helper/Info.plist\"",
					"-sectcreate",
					__TEXT,
					__launchd_plist,
					"\"$(SRCROOT)/Helper/Launchd.plist\"",
				);
				PRODUCT_BUNDLE_IDENTIFIER = com.sachin.Scriptex.helper;
				PRODUCT_NAME = "$(TARGET_NAME)";
				PROVISIONING_PROFILE_SPECIFIER = "";
				SWIFT_VERSION = 5.0;
			};
			name = Release;
		};
/* End XCBuildConfiguration section */

/* Begin XCConfigurationList section */
		5E835CD02B3B580C004BDB5D /* Build configuration list for PBXProject "Scriptex" */ = {
			isa = XCConfigurationList;
			buildConfigurations = (
				5E835CE22B3B580C004BDB5D /* Debug */,
				5E835CE32B3B580C004BDB5D /* Release */,
			);
			defaultConfigurationIsVisible = 0;
			defaultConfigurationName = Release;
		};
		5E835CE42B3B580C004BDB5D /* Build configuration list for PBXNativeTarget "Scriptex" */ = {
			isa = XCConfigurationList;
			buildConfigurations = (
				5E835CE52B3B580C004BDB5D /* Debug */,
				5E835CE62B3B580C004BDB5D /* Release */,
			);
			defaultConfigurationIsVisible = 0;
			defaultConfigurationName = Release;
		};
		5EC2F1992B3CAFA8001AFEFA /* Build configuration list for PBXNativeTarget "com.sachin.Scriptex.helper" */ = {
			isa = XCConfigurationList;
			buildConfigurations = (
				5EC2F1972B3CAFA8001AFEFA /* Debug */,
				5EC2F1982B3CAFA8001AFEFA /* Release */,
			);
			defaultConfigurationIsVisible = 0;
			defaultConfigurationName = Release;
		};
/* End XCConfigurationList section */
	};
	rootObject = 5E835CCD2B3B580C004BDB5D /* Project object */;
}
